
Microsoft Visual Studio Solution File, Format Version 12.00
# Visual Studio 15
VisualStudioVersion = 15.0.26403.7
MinimumVisualStudioVersion = 10.0.40219.1
Project("{FAE04EC0-301F-11D3-BF4B-00C04F79EFBC}") = "Ask.TechnicalTest.FrontEnd", "Ask.TechnicalTest.FrontEnd\Ask.TechnicalTest.FrontEnd.csproj", "{E6327325-61DE-4153-9B37-1B4DBB5A04C7}"
EndProject
Project("{FAE04EC0-301F-11D3-BF4B-00C04F79EFBC}") = "Ask.TechnicalTest.Business", "Ask.TechnicalTest.Business\Ask.TechnicalTest.Business.csproj", "{EF254395-5F42-4EB8-813D-D95BBCEBFAB6}"
EndProject
Project("{FAE04EC0-301F-11D3-BF4B-00C04F79EFBC}") = "Ask.TechnicalTest.Data", "Ask.TechnicalTest.Data\Ask.TechnicalTest.Data.csproj", "{A1E441A6-BFAD-4FD2-BAFE-430A83E8EB76}"
EndProject
Global
	GlobalSection(SolutionConfigurationPlatforms) = preSolution
		Debug|Any CPU = Debug|Any CPU
		Release|Any CPU = Release|Any CPU
	EndGlobalSection
	GlobalSection(ProjectConfigurationPlatforms) = postSolution
		{E6327325-61DE-4153-9B37-1B4DBB5A04C7}.Debug|Any CPU.ActiveCfg = Debug|Any CPU
		{E6327325-61DE-4153-9B37-1B4DBB5A04C7}.Debug|Any CPU.Build.0 = Debug|Any CPU
		{E6327325-61DE-4153-9B37-1B4DBB5A04C7}.Release|Any CPU.ActiveCfg = Release|Any CPU
		{E6327325-61DE-4153-9B37-1B4DBB5A04C7}.Release|Any CPU.Build.0 = Release|Any CPU
		{EF254395-5F42-4EB8-813D-D95BBCEBFAB6}.Debug|Any CPU.ActiveCfg = Debug|Any CPU
		{EF254395-5F42-4EB8-813D-D95BBCEBFAB6}.Debug|Any CPU.Build.0 = Debug|Any CPU
		{EF254395-5F42-4EB8-813D-D95BBCEBFAB6}.Release|Any CPU.ActiveCfg = Release|Any CPU
		{EF254395-5F42-4EB8-813D-D95BBCEBFAB6}.Release|Any CPU.Build.0 = Release|Any CPU
		{A1E441A6-BFAD-4FD2-BAFE-430A83E8EB76}.Debug|Any CPU.ActiveCfg = Debug|Any CPU
		{A1E441A6-BFAD-4FD2-BAFE-430A83E8EB76}.Debug|Any CPU.Build.0 = Debug|Any CPU
		{A1E441A6-BFAD-4FD2-BAFE-430A83E8EB76}.Release|Any CPU.ActiveCfg = Release|Any CPU
		{A1E441A6-BFAD-4FD2-BAFE-430A83E8EB76}.Release|Any CPU.Build.0 = Release|Any CPU
	EndGlobalSection
	GlobalSection(SolutionProperties) = preSolution
		HideSolutionNode = FALSE
	EndGlobalSection
EndGlobal
